<?xml version="1.0" encoding="utf-8"?>
<Project ToolsVersion="4.0" xmlns="http://schemas.microsoft.com/developer/msbuild/2003">
  <ItemGroup>
    <Filter Include="Quelldateien">
      <UniqueIdentifier>{4FC737F1-C7A5-4376-A066-2A32D752A2FF}</UniqueIdentifier>
      <Extensions>cpp;c;cc;cxx;c++;cppm;ixx;def;odl;idl;hpj;bat;asm;asmx</Extensions>
    </Filter>
    <Filter Include="Headerdateien">
      <UniqueIdentifier>{93995380-89BD-4b04-88EB-625FBE52EBFB}</UniqueIdentifier>
      <Extensions>h;hh;hpp;hxx;h++;hm;inl;inc;ipp;xsd</Extensions>
    </Filter>
    <Filter Include="Ressourcendateien">
      <UniqueIdentifier>{67DA6AB6-F800-4c08-8B7A-83BB121AAD01}</UniqueIdentifier>
      <Extensions>rc;ico;cur;bmp;dlg;rc2;rct;bin;rgs;gif;jpg;jpeg;jpe;resx;tiff;tif;png;wav;mfcribbon-ms</Extensions>
    </Filter>
  </ItemGroup>
  <ItemGroup>
    <None Include="..\angenda_c_fortgeschritten.pdf" />
  </ItemGroup>
  <ItemGroup>
    <Text Include="..\Readme_01_Mittwoch.txt" />
    <Text Include="..\Readme_02_Donnerstag.txt" />
    <Text Include="..\Readme_03_Freitag.txt" />
  </ItemGroup>
  <ItemGroup>
    <ClCompile Include="Topic_01_Pointer.c">
      <Filter>Quelldateien</Filter>
    </ClCompile>
    <ClCompile Include="Program.c">
      <Filter>Quelldateien</Filter>
    </ClCompile>
    <ClCompile Include="Topic_02_Arrays.c">
      <Filter>Quelldateien</Filter>
    </ClCompile>
    <ClCompile Include="Topic_03_Structs.c">
      <Filter>Quelldateien</Filter>
    </ClCompile>
    <ClCompile Include="Topic_04_Dynamic.c">
      <Filter>Quelldateien</Filter>
    </ClCompile>
    <ClCompile Include="Topic_05_MultiDimArray.c">
      <Filter>Quelldateien</Filter>
    </ClCompile>
    <ClCompile Include="Exercise_01_Pascal.c">
      <Filter>Quelldateien</Filter>
    </ClCompile>
    <ClCompile Include="Topic_06_LinkedList.c">
      <Filter>Quelldateien</Filter>
    </ClCompile>
    <ClCompile Include="Topic_07_JaggedArray.c">
      <Filter>Quelldateien</Filter>
    </ClCompile>
    <ClCompile Include="Topic_08_Zeichenketten.c">
      <Filter>Quelldateien</Filter>
    </ClCompile>
    <ClCompile Include="Topic_09_Hashtabelle.c">
      <Filter>Quelldateien</Filter>
    </ClCompile>
  </ItemGroup>
  <ItemGroup>
    <Image Include="..\..\Arrays.png">
      <Filter>Ressourcendateien</Filter>
    </Image>
    <Image Include="..\..\Pointer.png">
      <Filter>Ressourcendateien</Filter>
    </Image>
    <Image Include="..\..\Pointer_02.png">
      <Filter>Ressourcendateien</Filter>
    </Image>
    <Image Include="..\..\Pointer_03.png">
      <Filter>Ressourcendateien</Filter>
    </Image>
    <Image Include="..\..\Struct.png">
      <Filter>Ressourcendateien</Filter>
    </Image>
    <Image Include="..\..\Heap_01.png">
      <Filter>Ressourcendateien</Filter>
    </Image>
    <Image Include="..\..\Heap_02.png">
      <Filter>Ressourcendateien</Filter>
    </Image>
    <Image Include="..\..\LinkedList.png">
      <Filter>Ressourcendateien</Filter>
    </Image>
    <Image Include="..\..\Pascal_01.png">
      <Filter>Ressourcendateien</Filter>
    </Image>
  </ItemGroup>
  <ItemGroup>
    <ClInclude Include="MyFunctions.h">
      <Filter>Headerdateien</Filter>
    </ClInclude>
    <ClInclude Include="LinkedList.h">
      <Filter>Headerdateien</Filter>
    </ClInclude>
  </ItemGroup>
</Project>